
Microsoft Visual Studio Solution File, Format Version 11.00
# Visual Studio 2010
Project("{FAE04EC0-301F-11D3-BF4B-00C04F79EFBC}") = "ExcelParser", "ExcelParser\ExcelParser.csproj", "{9207ACB8-0256-472A-9F07-75423CA96332}"
EndProject
Global
	GlobalSection(SolutionConfigurationPlatforms) = preSolution
		Debug|Any CPU = Debug|Any CPU
		Release|Any CPU = Release|Any CPU
	EndGlobalSection
	GlobalSection(ProjectConfigurationPlatforms) = postSolution
		{9207ACB8-0256-472A-9F07-75423CA96332}.Debug|Any CPU.ActiveCfg = Debug|Any CPU
		{9207ACB8-0256-472A-9F07-75423CA96332}.Debug|Any CPU.Build.0 = Debug|Any CPU
		{9207ACB8-0256-472A-9F07-75423CA96332}.Release|Any CPU.ActiveCfg = Release|Any CPU
		{9207ACB8-0256-472A-9F07-75423CA96332}.Release|Any CPU.Build.0 = Release|Any CPU
	EndGlobalSection
	GlobalSection(SolutionProperties) = preSolution
		HideSolutionNode = FALSE
	EndGlobalSection
EndGlobal
